
Microsoft Visual Studio Solution File, Format Version 12.00
# Visual Studio Version 16
VisualStudioVersion = 16.0.28803.202
MinimumVisualStudioVersion = 10.0.40219.1
Project("{FAE04EC0-301F-11D3-BF4B-00C04F79EFBC}") = "Session7", "Session7\Session7.csproj", "{5F3F491C-CE71-4D94-8624-9685EBE41861}"
EndProject
Project("{FAE04EC0-301F-11D3-BF4B-00C04F79EFBC}") = "Session7.Ui", "Session7.Ui\Session7.Ui.csproj", "{E36C03D5-F18B-4618-B8BC-EAAA009E054C}"
EndProject
Global
	GlobalSection(SolutionConfigurationPlatforms) = preSolution
		Debug|Any CPU = Debug|Any CPU
		Release|Any CPU = Release|Any CPU
	EndGlobalSection
	GlobalSection(ProjectConfigurationPlatforms) = postSolution
		{5F3F491C-CE71-4D94-8624-9685EBE41861}.Debug|Any CPU.ActiveCfg = Debug|Any CPU
		{5F3F491C-CE71-4D94-8624-9685EBE41861}.Debug|Any CPU.Build.0 = Debug|Any CPU
		{5F3F491C-CE71-4D94-8624-9685EBE41861}.Release|Any CPU.ActiveCfg = Release|Any CPU
		{5F3F491C-CE71-4D94-8624-9685EBE41861}.Release|Any CPU.Build.0 = Release|Any CPU
		{E36C03D5-F18B-4618-B8BC-EAAA009E054C}.Debug|Any CPU.ActiveCfg = Debug|Any CPU
		{E36C03D5-F18B-4618-B8BC-EAAA009E054C}.Debug|Any CPU.Build.0 = Debug|Any CPU
		{E36C03D5-F18B-4618-B8BC-EAAA009E054C}.Release|Any CPU.ActiveCfg = Release|Any CPU
		{E36C03D5-F18B-4618-B8BC-EAAA009E054C}.Release|Any CPU.Build.0 = Release|Any CPU
	EndGlobalSection
	GlobalSection(SolutionProperties) = preSolution
		HideSolutionNode = FALSE
	EndGlobalSection
	GlobalSection(ExtensibilityGlobals) = postSolution
		SolutionGuid = {5CFFE27F-E5F1-4AAD-A878-9BCCF1A74C93}
	EndGlobalSection
EndGlobal
